
Microsoft Visual Studio Solution File, Format Version 12.00
# Visual Studio Version 16
VisualStudioVersion = 16.0.31005.135
MinimumVisualStudioVersion = 10.0.40219.1
Project("{FAE04EC0-301F-11D3-BF4B-00C04F79EFBC}") = "InMemorySecrets", "InMemorySecrets\InMemorySecrets.csproj", "{DA5E13C2-5766-48AC-BACE-9498893290BF}"
EndProject
Global
	GlobalSection(SolutionConfigurationPlatforms) = preSolution
		Debug|Any CPU = Debug|Any CPU
		Release|Any CPU = Release|Any CPU
	EndGlobalSection
	GlobalSection(ProjectConfigurationPlatforms) = postSolution
		{DA5E13C2-5766-48AC-BACE-9498893290BF}.Debug|Any CPU.ActiveCfg = Debug|Any CPU
		{DA5E13C2-5766-48AC-BACE-9498893290BF}.Debug|Any CPU.Build.0 = Debug|Any CPU
		{DA5E13C2-5766-48AC-BACE-9498893290BF}.Release|Any CPU.ActiveCfg = Release|Any CPU
		{DA5E13C2-5766-48AC-BACE-9498893290BF}.Release|Any CPU.Build.0 = Release|Any CPU
	EndGlobalSection
	GlobalSection(SolutionProperties) = preSolution
		HideSolutionNode = FALSE
	EndGlobalSection
	GlobalSection(ExtensibilityGlobals) = postSolution
		SolutionGuid = {EEC7C5E8-52E4-4FE1-8A20-F95FFDB8EA39}
	EndGlobalSection
EndGlobal
